
Microsoft Visual Studio Solution File, Format Version 12.00
# Visual Studio Version 17
VisualStudioVersion = 17.9.34723.18
MinimumVisualStudioVersion = 10.0.40219.1
Project("{9A19103F-16F7-4668-BE54-9A1E7A4F7556}") = "Jellyfin.Plugin.ClassicTV", "Jellyfin.Plugin.ClassicTV\Jellyfin.Plugin.ClassicTV.csproj", "{C0C2C685-6632-46B8-80A9-171BBD8F4D16}"
EndProject
Global
	GlobalSection(SolutionConfigurationPlatforms) = preSolution
		Debug|Any CPU = Debug|Any CPU
		Release|Any CPU = Release|Any CPU
	EndGlobalSection
	GlobalSection(ProjectConfigurationPlatforms) = postSolution
		{C0C2C685-6632-46B8-80A9-171BBD8F4D16}.Debug|Any CPU.ActiveCfg = Debug|Any CPU
		{C0C2C685-6632-46B8-80A9-171BBD8F4D16}.Debug|Any CPU.Build.0 = Debug|Any CPU
		{C0C2C685-6632-46B8-80A9-171BBD8F4D16}.Release|Any CPU.ActiveCfg = Release|Any CPU
		{C0C2C685-6632-46B8-80A9-171BBD8F4D16}.Release|Any CPU.Build.0 = Release|Any CPU
	EndGlobalSection
	GlobalSection(SolutionProperties) = preSolution
		HideSolutionNode = FALSE
	EndGlobalSection
	GlobalSection(ExtensibilityGlobals) = postSolution
		SolutionGuid = {723F5D4F-EEAB-46CD-8654-1EFD84D0933B}
	EndGlobalSection
EndGlobal
